
Microsoft Visual Studio Solution File, Format Version 12.00
# Visual Studio Version 17
VisualStudioVersion = 17.14.36301.6
MinimumVisualStudioVersion = 10.0.40219.1
Project("{FAE04EC0-301F-11D3-BF4B-00C04F79EFBC}") = "WebApi", "WebApi-Video\WebApi.csproj", "{43CCFB79-ACF6-41F7-831F-2C0FAC43259E}"
EndProject
Global
	GlobalSection(SolutionConfigurationPlatforms) = preSolution
		Debug|Any CPU = Debug|Any CPU
		Release|Any CPU = Release|Any CPU
	EndGlobalSection
	GlobalSection(ProjectConfigurationPlatforms) = postSolution
		{43CCFB79-ACF6-41F7-831F-2C0FAC43259E}.Debug|Any CPU.ActiveCfg = Debug|Any CPU
		{43CCFB79-ACF6-41F7-831F-2C0FAC43259E}.Debug|Any CPU.Build.0 = Debug|Any CPU
		{43CCFB79-ACF6-41F7-831F-2C0FAC43259E}.Release|Any CPU.ActiveCfg = Release|Any CPU
		{43CCFB79-ACF6-41F7-831F-2C0FAC43259E}.Release|Any CPU.Build.0 = Release|Any CPU
	EndGlobalSection
	GlobalSection(SolutionProperties) = preSolution
		HideSolutionNode = FALSE
	EndGlobalSection
	GlobalSection(ExtensibilityGlobals) = postSolution
		SolutionGuid = {FEAA601E-F7FB-4F5B-988B-F3AA4655839A}
	EndGlobalSection
EndGlobal
